// !$*UTF8*$!
{
	archiveVersion = 1;
	classes = {
	};
	objectVersion = 46;
	objects = {

/* Begin PBXBuildFile section */
		49007B7E1B3D6FC900A7BE06 /* UIColorExtensions.swift in Sources */ = {isa = PBXBuildFile; fileRef = 49007B7D1B3D6FC900A7BE06 /* UIColorExtensions.swift */; };
		49007B801B3D711F00A7BE06 /* CGRectExtensions.swift in Sources */ = {isa = PBXBuildFile; fileRef = 49007B7F1B3D711F00A7BE06 /* CGRectExtensions.swift */; };
		4908B3EF1B39EC9C0099F0E8 /* AppDelegate.swift in Sources */ = {isa = PBXBuildFile; fileRef = 4908B3EE1B39EC9C0099F0E8 /* AppDelegate.swift */; };
		4908B3F11B39EC9C0099F0E8 /* ViewController.swift in Sources */ = {isa = PBXBuildFile; fileRef = 4908B3F01B39EC9C0099F0E8 /* ViewController.swift */; };
		4908B3F41B39EC9C0099F0E8 /* Main.storyboard in Resources */ = {isa = PBXBuildFile; fileRef = 4908B3F21B39EC9C0099F0E8 /* Main.storyboard */; };
		4908B3F61B39EC9C0099F0E8 /* Images.xcassets in Resources */ = {isa = PBXBuildFile; fileRef = 4908B3F51B39EC9C0099F0E8 /* Images.xcassets */; };
		4908B3F91B39EC9C0099F0E8 /* LaunchScreen.xib in Resources */ = {isa = PBXBuildFile; fileRef = 4908B3F71B39EC9C0099F0E8 /* LaunchScreen.xib */; };
		4908B4051B39EC9C0099F0E8 /* Pulsing_ButtonsTests.swift in Sources */ = {isa = PBXBuildFile; fileRef = 4908B4041B39EC9C0099F0E8 /* Pulsing_ButtonsTests.swift */; };
		4908B4101B39EF580099F0E8 /* PulsingButtonView.swift in Sources */ = {isa = PBXBuildFile; fileRef = 4908B40F1B39EF580099F0E8 /* PulsingButtonView.swift */; };
		4908B4121B3B24300099F0E8 /* PulsingButtonsViewController.swift in Sources */ = {isa = PBXBuildFile; fileRef = 4908B4111B3B24300099F0E8 /* PulsingButtonsViewController.swift */; };
		4908B4141B3B25590099F0E8 /* PulsingButtonBoard.swift in Sources */ = {isa = PBXBuildFile; fileRef = 4908B4131B3B25590099F0E8 /* PulsingButtonBoard.swift */; };
/* End PBXBuildFile section */

/* Begin PBXContainerItemProxy section */
		4908B3FF1B39EC9C0099F0E8 /* PBXContainerItemProxy */ = {
			isa = PBXContainerItemProxy;
			containerPortal = 4908B3E11B39EC9C0099F0E8 /* Project object */;
			proxyType = 1;
			remoteGlobalIDString = 4908B3E81B39EC9C0099F0E8;
			remoteInfo = "Pulsing Buttons";
		};
/* End PBXContainerItemProxy section */

/* Begin PBXFileReference section */
		49007B7D1B3D6FC900A7BE06 /* UIColorExtensions.swift */ = {isa = PBXFileReference; fileEncoding = 4; lastKnownFileType = sourcecode.swift; path = UIColorExtensions.swift; sourceTree = "<group>"; };
		49007B7F1B3D711F00A7BE06 /* CGRectExtensions.swift */ = {isa = PBXFileReference; fileEncoding = 4; lastKnownFileType = sourcecode.swift; path = CGRectExtensions.swift; sourceTree = "<group>"; };
		4908B3E91B39EC9C0099F0E8 /* Pulsing Buttons.app */ = {isa = PBXFileReference; explicitFileType = wrapper.application; includeInIndex = 0; path = "Pulsing Buttons.app"; sourceTree = BUILT_PRODUCTS_DIR; };
		4908B3ED1B39EC9C0099F0E8 /* Info.plist */ = {isa = PBXFileReference; lastKnownFileType = text.plist.xml; path = Info.plist; sourceTree = "<group>"; };
		4908B3EE1B39EC9C0099F0E8 /* AppDelegate.swift */ = {isa = PBXFileReference; lastKnownFileType = sourcecode.swift; path = AppDelegate.swift; sourceTree = "<group>"; };
		4908B3F01B39EC9C0099F0E8 /* ViewController.swift */ = {isa = PBXFileReference; lastKnownFileType = sourcecode.swift; path = ViewController.swift; sourceTree = "<group>"; };
		4908B3F31B39EC9C0099F0E8 /* Base */ = {isa = PBXFileReference; lastKnownFileType = file.storyboard; name = Base; path = Base.lproj/Main.storyboard; sourceTree = "<group>"; };
		4908B3F51B39EC9C0099F0E8 /* Images.xcassets */ = {isa = PBXFileReference; lastKnownFileType = folder.assetcatalog; path = Images.xcassets; sourceTree = "<group>"; };
		4908B3F81B39EC9C0099F0E8 /* Base */ = {isa = PBXFileReference; lastKnownFileType = file.xib; name = Base; path = Base.lproj/LaunchScreen.xib; sourceTree = "<group>"; };
		4908B3FE1B39EC9C0099F0E8 /* Pulsing ButtonsTests.xctest */ = {isa = PBXFileReference; explicitFileType = wrapper.cfbundle; includeInIndex = 0; path = "Pulsing ButtonsTests.xctest"; sourceTree = BUILT_PRODUCTS_DIR; };
		4908B4031B39EC9C0099F0E8 /* Info.plist */ = {isa = PBXFileReference; lastKnownFileType = text.plist.xml; path = Info.plist; sourceTree = "<group>"; };
		4908B4041B39EC9C0099F0E8 /* Pulsing_ButtonsTests.swift */ = {isa = PBXFileReference; lastKnownFileType = sourcecode.swift; path = Pulsing_ButtonsTests.swift; sourceTree = "<group>"; };
		4908B40F1B39EF580099F0E8 /* PulsingButtonView.swift */ = {isa = PBXFileReference; fileEncoding = 4; lastKnownFileType = sourcecode.swift; name = PulsingButtonView.swift; path = Views/PulsingButtonView.swift; sourceTree = "<group>"; };
		4908B4111B3B24300099F0E8 /* PulsingButtonsViewController.swift */ = {isa = PBXFileReference; fileEncoding = 4; lastKnownFileType = sourcecode.swift; path = PulsingButtonsViewController.swift; sourceTree = "<group>"; };
		4908B4131B3B25590099F0E8 /* PulsingButtonBoard.swift */ = {isa = PBXFileReference; fileEncoding = 4; lastKnownFileType = sourcecode.swift; name = PulsingButtonBoard.swift; path = Views/PulsingButtonBoard.swift; sourceTree = "<group>"; };
/* End PBXFileReference section */

/* Begin PBXFrameworksBuildPhase section */
		4908B3E61B39EC9C0099F0E8 /* Frameworks */ = {
			isa = PBXFrameworksBuildPhase;
			buildActionMask = 2147483647;
			files = (
			);
			runOnlyForDeploymentPostprocessing = 0;
		};
		4908B3FB1B39EC9C0099F0E8 /* Frameworks */ = {
			isa = PBXFrameworksBuildPhase;
			buildActionMask = 2147483647;
			files = (
			);
			runOnlyForDeploymentPostprocessing = 0;
		};
/* End PBXFrameworksBuildPhase section */

/* Begin PBXGroup section */
		49007B7C1B3D6F6E00A7BE06 /* Helper Libraries */ = {
			isa = PBXGroup;
			children = (
				49007B7D1B3D6FC900A7BE06 /* UIColorExtensions.swift */,
				49007B7F1B3D711F00A7BE06 /* CGRectExtensions.swift */,
			);
			name = "Helper Libraries";
			sourceTree = "<group>";
		};
		4908B3E01B39EC9C0099F0E8 = {
			isa = PBXGroup;
			children = (
				49007B7C1B3D6F6E00A7BE06 /* Helper Libraries */,
				4908B3EB1B39EC9C0099F0E8 /* Pulsing Buttons */,
				4908B4011B39EC9C0099F0E8 /* Pulsing ButtonsTests */,
				4908B3EA1B39EC9C0099F0E8 /* Products */,
			);
			sourceTree = "<group>";
		};
		4908B3EA1B39EC9C0099F0E8 /* Products */ = {
			isa = PBXGroup;
			children = (
				4908B3E91B39EC9C0099F0E8 /* Pulsing Buttons.app */,
				4908B3FE1B39EC9C0099F0E8 /* Pulsing ButtonsTests.xctest */,
			);
			name = Products;
			sourceTree = "<group>";
		};
		4908B3EB1B39EC9C0099F0E8 /* Pulsing Buttons */ = {
			isa = PBXGroup;
			children = (
				4908B40E1B39ED540099F0E8 /* Views */,
				4908B3EE1B39EC9C0099F0E8 /* AppDelegate.swift */,
				4908B3F01B39EC9C0099F0E8 /* ViewController.swift */,
				4908B3F21B39EC9C0099F0E8 /* Main.storyboard */,
				4908B3F51B39EC9C0099F0E8 /* Images.xcassets */,
				4908B3F71B39EC9C0099F0E8 /* LaunchScreen.xib */,
				4908B3EC1B39EC9C0099F0E8 /* Supporting Files */,
				4908B4111B3B24300099F0E8 /* PulsingButtonsViewController.swift */,
			);
			path = "Pulsing Buttons";
			sourceTree = "<group>";
		};
		4908B3EC1B39EC9C0099F0E8 /* Supporting Files */ = {
			isa = PBXGroup;
			children = (
				4908B3ED1B39EC9C0099F0E8 /* Info.plist */,
			);
			name = "Supporting Files";
			sourceTree = "<group>";
		};
		4908B4011B39EC9C0099F0E8 /* Pulsing ButtonsTests */ = {
			isa = PBXGroup;
			children = (
				4908B4041B39EC9C0099F0E8 /* Pulsing_ButtonsTests.swift */,
				4908B4021B39EC9C0099F0E8 /* Supporting Files */,
			);
			path = "Pulsing ButtonsTests";
			sourceTree = "<group>";
		};
		4908B4021B39EC9C0099F0E8 /* Supporting Files */ = {
			isa = PBXGroup;
			children = (
				4908B4031B39EC9C0099F0E8 /* Info.plist */,
			);
			name = "Supporting Files";
			sourceTree = "<group>";
		};
		4908B40E1B39ED540099F0E8 /* Views */ = {
			isa = PBXGroup;
			children = (
				4908B40F1B39EF580099F0E8 /* PulsingButtonView.swift */,
				4908B4131B3B25590099F0E8 /* PulsingButtonBoard.swift */,
			);
			name = Views;
			sourceTree = "<group>";
		};
/* End PBXGroup section */

/* Begin PBXNativeTarget section */
		4908B3E81B39EC9C0099F0E8 /* Pulsing Buttons */ = {
			isa = PBXNativeTarget;
			buildConfigurationList = 4908B4081B39EC9C0099F0E8 /* Build configuration list for PBXNativeTarget "Pulsing Buttons" */;
			buildPhases = (
				4908B3E51B39EC9C0099F0E8 /* Sources */,
				4908B3E61B39EC9C0099F0E8 /* Frameworks */,
				4908B3E71B39EC9C0099F0E8 /* Resources */,
			);
			buildRules = (
			);
			dependencies = (
			);
			name = "Pulsing Buttons";
			productName = "Pulsing Buttons";
			productReference = 4908B3E91B39EC9C0099F0E8 /* Pulsing Buttons.app */;
			productType = "com.apple.product-type.application";
		};
		4908B3FD1B39EC9C0099F0E8 /* Pulsing ButtonsTests */ = {
			isa = PBXNativeTarget;
			buildConfigurationList = 4908B40B1B39EC9C0099F0E8 /* Build configuration list for PBXNativeTarget "Pulsing ButtonsTests" */;
			buildPhases = (
				4908B3FA1B39EC9C0099F0E8 /* Sources */,
				4908B3FB1B39EC9C0099F0E8 /* Frameworks */,
				4908B3FC1B39EC9C0099F0E8 /* Resources */,
			);
			buildRules = (
			);
			dependencies = (
				4908B4001B39EC9C0099F0E8 /* PBXTargetDependency */,
			);
			name = "Pulsing ButtonsTests";
			productName = "Pulsing ButtonsTests";
			productReference = 4908B3FE1B39EC9C0099F0E8 /* Pulsing ButtonsTests.xctest */;
			productType = "com.apple.product-type.bundle.unit-test";
		};
/* End PBXNativeTarget section */

/* Begin PBXProject section */
		4908B3E11B39EC9C0099F0E8 /* Project object */ = {
			isa = PBXProject;
			attributes = {
				LastUpgradeCheck = 0630;
				ORGANIZATIONNAME = "Andrew Torski";
				TargetAttributes = {
					4908B3E81B39EC9C0099F0E8 = {
						CreatedOnToolsVersion = 6.3.2;
					};
					4908B3FD1B39EC9C0099F0E8 = {
						CreatedOnToolsVersion = 6.3.2;
						TestTargetID = 4908B3E81B39EC9C0099F0E8;
					};
				};
			};
			buildConfigurationList = 4908B3E41B39EC9C0099F0E8 /* Build configuration list for PBXProject "Pulsing Buttons" */;
			compatibilityVersion = "Xcode 3.2";
			developmentRegion = English;
			hasScannedForEncodings = 0;
			knownRegions = (
				en,
				Base,
			);
			mainGroup = 4908B3E01B39EC9C0099F0E8;
			productRefGroup = 4908B3EA1B39EC9C0099F0E8 /* Products */;
			projectDirPath = "";
			projectRoot = "";
			targets = (
				4908B3E81B39EC9C0099F0E8 /* Pulsing Buttons */,
				4908B3FD1B39EC9C0099F0E8 /* Pulsing ButtonsTests */,
			);
		};
/* End PBXProject section */

/* Begin PBXResourcesBuildPhase section */
		4908B3E71B39EC9C0099F0E8 /* Resources */ = {
			isa = PBXResourcesBuildPhase;
			buildActionMask = 2147483647;
			files = (
				4908B3F41B39EC9C0099F0E8 /* Main.storyboard in Resources */,
				4908B3F91B39EC9C0099F0E8 /* LaunchScreen.xib in Resources */,
				4908B3F61B39EC9C0099F0E8 /* Images.xcassets in Resources */,
			);
			runOnlyForDeploymentPostprocessing = 0;
		};
		4908B3FC1B39EC9C0099F0E8 /* Resources */ = {
			isa = PBXResourcesBuildPhase;
			buildActionMask = 2147483647;
			files = (
			);
			runOnlyForDeploymentPostprocessing = 0;
		};
/* End PBXResourcesBuildPhase section */

/* Begin PBXSourcesBuildPhase section */
		4908B3E51B39EC9C0099F0E8 /* Sources */ = {
			isa = PBXSourcesBuildPhase;
			buildActionMask = 2147483647;
			files = (
				4908B4101B39EF580099F0E8 /* PulsingButtonView.swift in Sources */,
				4908B4141B3B25590099F0E8 /* PulsingButtonBoard.swift in Sources */,
				49007B801B3D711F00A7BE06 /* CGRectExtensions.swift in Sources */,
				4908B4121B3B24300099F0E8 /* PulsingButtonsViewController.swift in Sources */,
				49007B7E1B3D6FC900A7BE06 /* UIColorExtensions.swift in Sources */,
				4908B3F11B39EC9C0099F0E8 /* ViewController.swift in Sources */,
				4908B3EF1B39EC9C0099F0E8 /* AppDelegate.swift in Sources */,
			);
			runOnlyForDeploymentPostprocessing = 0;
		};
		4908B3FA1B39EC9C0099F0E8 /* Sources */ = {
			isa = PBXSourcesBuildPhase;
			buildActionMask = 2147483647;
			files = (
				4908B4051B39EC9C0099F0E8 /* Pulsing_ButtonsTests.swift in Sources */,
			);
			runOnlyForDeploymentPostprocessing = 0;
		};
/* End PBXSourcesBuildPhase section */

/* Begin PBXTargetDependency section */
		4908B4001B39EC9C0099F0E8 /* PBXTargetDependency */ = {
			isa = PBXTargetDependency;
			target = 4908B3E81B39EC9C0099F0E8 /* Pulsing Buttons */;
			targetProxy = 4908B3FF1B39EC9C0099F0E8 /* PBXContainerItemProxy */;
		};
/* End PBXTargetDependency section */

/* Begin PBXVariantGroup section */
		4908B3F21B39EC9C0099F0E8 /* Main.storyboard */ = {
			isa = PBXVariantGroup;
			children = (
				4908B3F31B39EC9C0099F0E8 /* Base */,
			);
			name = Main.storyboard;
			sourceTree = "<group>";
		};
		4908B3F71B39EC9C0099F0E8 /* LaunchScreen.xib */ = {
			isa = PBXVariantGroup;
			children = (
				4908B3F81B39EC9C0099F0E8 /* Base */,
			);
			name = LaunchScreen.xib;
			sourceTree = "<group>";
		};
/* End PBXVariantGroup section */

/* Begin XCBuildConfiguration section */
		4908B4061B39EC9C0099F0E8 /* Debug */ = {
			isa = XCBuildConfiguration;
			buildSettings = {
				ALWAYS_SEARCH_USER_PATHS = NO;
				CLANG_CXX_LANGUAGE_STANDARD = "gnu++0x";
				CLANG_CXX_LIBRARY = "libc++";
				CLANG_ENABLE_MODULES = YES;
				CLANG_ENABLE_OBJC_ARC = YES;
				CLANG_WARN_BOOL_CONVERSION = YES;
				CLANG_WARN_CONSTANT_CONVERSION = YES;
				CLANG_WARN_DIRECT_OBJC_ISA_USAGE = YES_ERROR;
				CLANG_WARN_EMPTY_BODY = YES;
				CLANG_WARN_ENUM_CONVERSION = YES;
				CLANG_WARN_INT_CONVERSION = YES;
				CLANG_WARN_OBJC_ROOT_CLASS = YES_ERROR;
				CLANG_WARN_UNREACHABLE_CODE = YES;
				CLANG_WARN__DUPLICATE_METHOD_MATCH = YES;
				"CODE_SIGN_IDENTITY[sdk=iphoneos*]" = "iPhone Developer";
				COPY_PHASE_STRIP = NO;
				DEBUG_INFORMATION_FORMAT = "dwarf-with-dsym";
				ENABLE_STRICT_OBJC_MSGSEND = YES;
				GCC_C_LANGUAGE_STANDARD = gnu99;
				GCC_DYNAMIC_NO_PIC = NO;
				GCC_NO_COMMON_BLOCKS = YES;
				GCC_OPTIMIZATION_LEVEL = 0;
				GCC_PREPROCESSOR_DEFINITIONS = (
					"DEBUG=1",
					"$(inherited)",
				);
				GCC_SYMBOLS_PRIVATE_EXTERN = NO;
				GCC_WARN_64_TO_32_BIT_CONVERSION = YES;
				GCC_WARN_ABOUT_RETURN_TYPE = YES_ERROR;
				GCC_WARN_UNDECLARED_SELECTOR = YES;
				GCC_WARN_UNINITIALIZED_AUTOS = YES_AGGRESSIVE;
				GCC_WARN_UNUSED_FUNCTION = YES;
				GCC_WARN_UNUSED_VARIABLE = YES;
				IPHONEOS_DEPLOYMENT_TARGET = 8.3;
				MTL_ENABLE_DEBUG_INFO = YES;
				ONLY_ACTIVE_ARCH = YES;
				SDKROOT = iphoneos;
				SWIFT_OPTIMIZATION_LEVEL = "-Onone";
			};
			name = Debug;
		};
		4908B4071B39EC9C0099F0E8 /* Release */ = {
			isa = XCBuildConfiguration;
			buildSettings = {
				ALWAYS_SEARCH_USER_PATHS = NO;
				CLANG_CXX_LANGUAGE_STANDARD = "gnu++0x";
				CLANG_CXX_LIBRARY = "libc++";
				CLANG_ENABLE_MODULES = YES;
				CLANG_ENABLE_OBJC_ARC = YES;
				CLANG_WARN_BOOL_CONVERSION = YES;
				CLANG_WARN_CONSTANT_CONVERSION = YES;
				CLANG_WARN_DIRECT_OBJC_ISA_USAGE = YES_ERROR;
				CLANG_WARN_EMPTY_BODY = YES;
				CLANG_WARN_ENUM_CONVERSION = YES;
				CLANG_WARN_INT_CONVERSION = YES;
				CLANG_WARN_OBJC_ROOT_CLASS = YES_ERROR;
				CLANG_WARN_UNREACHABLE_CODE = YES;
				CLANG_WARN__DUPLICATE_METHOD_MATCH = YES;
				"CODE_SIGN_IDENTITY[sdk=iphoneos*]" = "iPhone Developer";
				COPY_PHASE_STRIP = NO;
				DEBUG_INFORMATION_FORMAT = "dwarf-with-dsym";
				ENABLE_NS_ASSERTIONS = NO;
				ENABLE_STRICT_OBJC_MSGSEND = YES;
				GCC_C_LANGUAGE_STANDARD = gnu99;
				GCC_NO_COMMON_BLOCKS = YES;
				GCC_WARN_64_TO_32_BIT_CONVERSION = YES;
				GCC_WARN_ABOUT_RETURN_TYPE = YES_ERROR;
				GCC_WARN_UNDECLARED_SELECTOR = YES;
				GCC_WARN_UNINITIALIZED_AUTOS = YES_AGGRESSIVE;
				GCC_WARN_UNUSED_FUNCTION = YES;
				GCC_WARN_UNUSED_VARIABLE = YES;
				IPHONEOS_DEPLOYMENT_TARGET = 8.3;
				MTL_ENABLE_DEBUG_INFO = NO;
				SDKROOT = iphoneos;
				VALIDATE_PRODUCT = YES;
			};
			name = Release;
		};
		4908B4091B39EC9C0099F0E8 /* Debug */ = {
			isa = XCBuildConfiguration;
			buildSettings = {
				ASSETCATALOG_COMPILER_APPICON_NAME = AppIcon;
				INFOPLIST_FILE = "Pulsing Buttons/Info.plist";
				LD_RUNPATH_SEARCH_PATHS = "$(inherited) @executable_path/Frameworks";
				PRODUCT_NAME = "$(TARGET_NAME)";
				TARGETED_DEVICE_FAMILY = 1;
			};
			name = Debug;
		};
		4908B40A1B39EC9C0099F0E8 /* Release */ = {
			isa = XCBuildConfiguration;
			buildSettings = {
				ASSETCATALOG_COMPILER_APPICON_NAME = AppIcon;
				INFOPLIST_FILE = "Pulsing Buttons/Info.plist";
				LD_RUNPATH_SEARCH_PATHS = "$(inherited) @executable_path/Frameworks";
				PRODUCT_NAME = "$(TARGET_NAME)";
				TARGETED_DEVICE_FAMILY = 1;
			};
			name = Release;
		};
		4908B40C1B39EC9C0099F0E8 /* Debug */ = {
			isa = XCBuildConfiguration;
			buildSettings = {
				BUNDLE_LOADER = "$(TEST_HOST)";
				FRAMEWORK_SEARCH_PATHS = (
					"$(SDKROOT)/Developer/Library/Frameworks",
					"$(inherited)",
				);
				GCC_PREPROCESSOR_DEFINITIONS = (
					"DEBUG=1",
					"$(inherited)",
				);
				INFOPLIST_FILE = "Pulsing ButtonsTests/Info.plist";
				LD_RUNPATH_SEARCH_PATHS = "$(inherited) @executable_path/Frameworks @loader_path/Frameworks";
				PRODUCT_NAME = "$(TARGET_NAME)";
				TEST_HOST = "$(BUILT_PRODUCTS_DIR)/Pulsing Buttons.app/Pulsing Buttons";
			};
			name = Debug;
		};
		4908B40D1B39EC9C0099F0E8 /* Release */ = {
			isa = XCBuildConfiguration;
			buildSettings = {
				BUNDLE_LOADER = "$(TEST_HOST)";
				FRAMEWORK_SEARCH_PATHS = (
					"$(SDKROOT)/Developer/Library/Frameworks",
					"$(inherited)",
				);
				INFOPLIST_FILE = "Pulsing ButtonsTests/Info.plist";
				LD_RUNPATH_SEARCH_PATHS = "$(inherited) @executable_path/Frameworks @loader_path/Frameworks";
				PRODUCT_NAME = "$(TARGET_NAME)";
				TEST_HOST = "$(BUILT_PRODUCTS_DIR)/Pulsing Buttons.app/Pulsing Buttons";
			};
			name = Release;
		};
/* End XCBuildConfiguration section */

/* Begin XCConfigurationList section */
		4908B3E41B39EC9C0099F0E8 /* Build configuration list for PBXProject "Pulsing Buttons" */ = {
			isa = XCConfigurationList;
			buildConfigurations = (
				4908B4061B39EC9C0099F0E8 /* Debug */,
				4908B4071B39EC9C0099F0E8 /* Release */,
			);
			defaultConfigurationIsVisible = 0;
			defaultConfigurationName = Release;
		};
		4908B4081B39EC9C0099F0E8 /* Build configuration list for PBXNativeTarget "Pulsing Buttons" */ = {
			isa = XCConfigurationList;
			buildConfigurations = (
				4908B4091B39EC9C0099F0E8 /* Debug */,
				4908B40A1B39EC9C0099F0E8 /* Release */,
			);
			defaultConfigurationIsVisible = 0;
			defaultConfigurationName = Release;
		};
		4908B40B1B39EC9C0099F0E8 /* Build configuration list for PBXNativeTarget "Pulsing ButtonsTests" */ = {
			isa = XCConfigurationList;
			buildConfigurations = (
				4908B40C1B39EC9C0099F0E8 /* Debug */,
				4908B40D1B39EC9C0099F0E8 /* Release */,
			);
			defaultConfigurationIsVisible = 0;
			defaultConfigurationName = Release;
		};
/* End XCConfigurationList section */
	};
	rootObject = 4908B3E11B39EC9C0099F0E8 /* Project object */;
}
